// !$*UTF8*$!
{
	archiveVersion = 1;
	classes = {
	};
	objectVersion = 46;
	objects = {

/* Begin PBXBuildFile section */
		347DAB071F8CB2AE008DC894 /* AppDelegate.swift in Sources */ = {isa = PBXBuildFile; fileRef = 347DAB061F8CB2AE008DC894 /* AppDelegate.swift */; };
		347DAB091F8CB2AE008DC894 /* ViewController.swift in Sources */ = {isa = PBXBuildFile; fileRef = 347DAB081F8CB2AE008DC894 /* ViewController.swift */; };
		347DAB0C1F8CB2AE008DC894 /* Main.storyboard in Resources */ = {isa = PBXBuildFile; fileRef = 347DAB0A1F8CB2AE008DC894 /* Main.storyboard */; };
		347DAB0F1F8CB2AE008DC894 /* amecApp003.xcdatamodeld in Sources */ = {isa = PBXBuildFile; fileRef = 347DAB0D1F8CB2AE008DC894 /* amecApp003.xcdatamodeld */; };
		347DAB111F8CB2AE008DC894 /* Assets.xcassets in Resources */ = {isa = PBXBuildFile; fileRef = 347DAB101F8CB2AE008DC894 /* Assets.xcassets */; };
		347DAB141F8CB2AE008DC894 /* LaunchScreen.storyboard in Resources */ = {isa = PBXBuildFile; fileRef = 347DAB121F8CB2AE008DC894 /* LaunchScreen.storyboard */; };
/* End PBXBuildFile section */

/* Begin PBXFileReference section */
		347DAB031F8CB2AE008DC894 /* amecApp003.app */ = {isa = PBXFileReference; explicitFileType = wrapper.application; includeInIndex = 0; path = amecApp003.app; sourceTree = BUILT_PRODUCTS_DIR; };
		347DAB061F8CB2AE008DC894 /* AppDelegate.swift */ = {isa = PBXFileReference; lastKnownFileType = sourcecode.swift; path = AppDelegate.swift; sourceTree = "<group>"; };
		347DAB081F8CB2AE008DC894 /* ViewController.swift */ = {isa = PBXFileReference; lastKnownFileType = sourcecode.swift; path = ViewController.swift; sourceTree = "<group>"; };
		347DAB0B1F8CB2AE008DC894 /* Base */ = {isa = PBXFileReference; lastKnownFileType = file.storyboard; name = Base; path = Base.lproj/Main.storyboard; sourceTree = "<group>"; };
		347DAB0E1F8CB2AE008DC894 /* amecApp003.xcdatamodel */ = {isa = PBXFileReference; lastKnownFileType = wrapper.xcdatamodel; path = amecApp003.xcdatamodel; sourceTree = "<group>"; };
		347DAB101F8CB2AE008DC894 /* Assets.xcassets */ = {isa = PBXFileReference; lastKnownFileType = folder.assetcatalog; path = Assets.xcassets; sourceTree = "<group>"; };
		347DAB131F8CB2AE008DC894 /* Base */ = {isa = PBXFileReference; lastKnownFileType = file.storyboard; name = Base; path = Base.lproj/LaunchScreen.storyboard; sourceTree = "<group>"; };
		347DAB151F8CB2AE008DC894 /* Info.plist */ = {isa = PBXFileReference; lastKnownFileType = text.plist.xml; path = Info.plist; sourceTree = "<group>"; };
/* End PBXFileReference section */

/* Begin PBXFrameworksBuildPhase section */
		347DAB001F8CB2AE008DC894 /* Frameworks */ = {
			isa = PBXFrameworksBuildPhase;
			buildActionMask = 2147483647;
			files = (
			);
			runOnlyForDeploymentPostprocessing = 0;
		};
/* End PBXFrameworksBuildPhase section */

/* Begin PBXGroup section */
		347DAAFA1F8CB2AE008DC894 = {
			isa = PBXGroup;
			children = (
				347DAB051F8CB2AE008DC894 /* amecApp003 */,
				347DAB041F8CB2AE008DC894 /* Products */,
			);
			sourceTree = "<group>";
		};
		347DAB041F8CB2AE008DC894 /* Products */ = {
			isa = PBXGroup;
			children = (
				347DAB031F8CB2AE008DC894 /* amecApp003.app */,
			);
			name = Products;
			sourceTree = "<group>";
		};
		347DAB051F8CB2AE008DC894 /* amecApp003 */ = {
			isa = PBXGroup;
			children = (
				347DAB061F8CB2AE008DC894 /* AppDelegate.swift */,
				347DAB081F8CB2AE008DC894 /* ViewController.swift */,
				347DAB0A1F8CB2AE008DC894 /* Main.storyboard */,
				347DAB101F8CB2AE008DC894 /* Assets.xcassets */,
				347DAB121F8CB2AE008DC894 /* LaunchScreen.storyboard */,
				347DAB151F8CB2AE008DC894 /* Info.plist */,
				347DAB0D1F8CB2AE008DC894 /* amecApp003.xcdatamodeld */,
			);
			path = amecApp003;
			sourceTree = "<group>";
		};
/* End PBXGroup section */

/* Begin PBXNativeTarget section */
		347DAB021F8CB2AE008DC894 /* amecApp003 */ = {
			isa = PBXNativeTarget;
			buildConfigurationList = 347DAB181F8CB2AE008DC894 /* Build configuration list for PBXNativeTarget "amecApp003" */;
			buildPhases = (
				347DAAFF1F8CB2AE008DC894 /* Sources */,
				347DAB001F8CB2AE008DC894 /* Frameworks */,
				347DAB011F8CB2AE008DC894 /* Resources */,
			);
			buildRules = (
			);
			dependencies = (
			);
			name = amecApp003;
			productName = amecApp003;
			productReference = 347DAB031F8CB2AE008DC894 /* amecApp003.app */;
			productType = "com.apple.product-type.application";
		};
/* End PBXNativeTarget section */

/* Begin PBXProject section */
		347DAAFB1F8CB2AE008DC894 /* Project object */ = {
			isa = PBXProject;
			attributes = {
				LastSwiftUpdateCheck = 0800;
				LastUpgradeCheck = 0800;
				ORGANIZATIONNAME = adv;
				TargetAttributes = {
					347DAB021F8CB2AE008DC894 = {
						CreatedOnToolsVersion = 8.0;
						DevelopmentTeam = VX3NH7X54P;
						ProvisioningStyle = Automatic;
					};
				};
			};
			buildConfigurationList = 347DAAFE1F8CB2AE008DC894 /* Build configuration list for PBXProject "amecApp003" */;
			compatibilityVersion = "Xcode 3.2";
			developmentRegion = English;
			hasScannedForEncodings = 0;
			knownRegions = (
				en,
				Base,
			);
			mainGroup = 347DAAFA1F8CB2AE008DC894;
			productRefGroup = 347DAB041F8CB2AE008DC894 /* Products */;
			projectDirPath = "";
			projectRoot = "";
			targets = (
				347DAB021F8CB2AE008DC894 /* amecApp003 */,
			);
		};
/* End PBXProject section */

/* Begin PBXResourcesBuildPhase section */
		347DAB011F8CB2AE008DC894 /* Resources */ = {
			isa = PBXResourcesBuildPhase;
			buildActionMask = 2147483647;
			files = (
				347DAB141F8CB2AE008DC894 /* LaunchScreen.storyboard in Resources */,
				347DAB111F8CB2AE008DC894 /* Assets.xcassets in Resources */,
				347DAB0C1F8CB2AE008DC894 /* Main.storyboard in Resources */,
			);
			runOnlyForDeploymentPostprocessing = 0;
		};
/* End PBXResourcesBuildPhase section */

/* Begin PBXSourcesBuildPhase section */
		347DAAFF1F8CB2AE008DC894 /* Sources */ = {
			isa = PBXSourcesBuildPhase;
			buildActionMask = 2147483647;
			files = (
				347DAB091F8CB2AE008DC894 /* ViewController.swift in Sources */,
				347DAB0F1F8CB2AE008DC894 /* amecApp003.xcdatamodeld in Sources */,
				347DAB071F8CB2AE008DC894 /* AppDelegate.swift in Sources */,
			);
			runOnlyForDeploymentPostprocessing = 0;
		};
/* End PBXSourcesBuildPhase section */

/* Begin PBXVariantGroup section */
		347DAB0A1F8CB2AE008DC894 /* Main.storyboard */ = {
			isa = PBXVariantGroup;
			children = (
				347DAB0B1F8CB2AE008DC894 /* Base */,
			);
			name = Main.storyboard;
			sourceTree = "<group>";
		};
		347DAB121F8CB2AE008DC894 /* LaunchScreen.storyboard */ = {
			isa = PBXVariantGroup;
			children = (
				347DAB131F8CB2AE008DC894 /* Base */,
			);
			name = LaunchScreen.storyboard;
			sourceTree = "<group>";
		};
/* End PBXVariantGroup section */

/* Begin XCBuildConfiguration section */
		347DAB161F8CB2AE008DC894 /* Debug */ = {
			isa = XCBuildConfiguration;
			buildSettings = {
				ALWAYS_SEARCH_USER_PATHS = NO;
				CLANG_ANALYZER_NONNULL = YES;
				CLANG_CXX_LANGUAGE_STANDARD = "gnu++0x";
				CLANG_CXX_LIBRARY = "libc++";
				CLANG_ENABLE_MODULES = YES;
				CLANG_ENABLE_OBJC_ARC = YES;
				CLANG_WARN_BOOL_CONVERSION = YES;
				CLANG_WARN_CONSTANT_CONVERSION = YES;
				CLANG_WARN_DIRECT_OBJC_ISA_USAGE = YES_ERROR;
				CLANG_WARN_DOCUMENTATION_COMMENTS = YES;
				CLANG_WARN_EMPTY_BODY = YES;
				CLANG_WARN_ENUM_CONVERSION = YES;
				CLANG_WARN_INFINITE_RECURSION = YES;
				CLANG_WARN_INT_CONVERSION = YES;
				CLANG_WARN_OBJC_ROOT_CLASS = YES_ERROR;
				CLANG_WARN_SUSPICIOUS_MOVES = YES;
				CLANG_WARN_UNREACHABLE_CODE = YES;
				CLANG_WARN__DUPLICATE_METHOD_MATCH = YES;
				"CODE_SIGN_IDENTITY[sdk=iphoneos*]" = "iPhone Developer";
				COPY_PHASE_STRIP = NO;
				DEBUG_INFORMATION_FORMAT = dwarf;
				ENABLE_STRICT_OBJC_MSGSEND = YES;
				ENABLE_TESTABILITY = YES;
				GCC_C_LANGUAGE_STANDARD = gnu99;
				GCC_DYNAMIC_NO_PIC = NO;
				GCC_NO_COMMON_BLOCKS = YES;
				GCC_OPTIMIZATION_LEVEL = 0;
				GCC_PREPROCESSOR_DEFINITIONS = (
					"DEBUG=1",
					"$(inherited)",
				);
				GCC_WARN_64_TO_32_BIT_CONVERSION = YES;
				GCC_WARN_ABOUT_RETURN_TYPE = YES_ERROR;
				GCC_WARN_UNDECLARED_SELECTOR = YES;
				GCC_WARN_UNINITIALIZED_AUTOS = YES_AGGRESSIVE;
				GCC_WARN_UNUSED_FUNCTION = YES;
				GCC_WARN_UNUSED_VARIABLE = YES;
				IPHONEOS_DEPLOYMENT_TARGET = 10.0;
				MTL_ENABLE_DEBUG_INFO = YES;
				ONLY_ACTIVE_ARCH = YES;
				SDKROOT = iphoneos;
				SWIFT_ACTIVE_COMPILATION_CONDITIONS = DEBUG;
				SWIFT_OPTIMIZATION_LEVEL = "-Onone";
				TARGETED_DEVICE_FAMILY = "1,2";
			};
			name = Debug;
		};
		347DAB171F8CB2AE008DC894 /* Release */ = {
			isa = XCBuildConfiguration;
			buildSettings = {
				ALWAYS_SEARCH_USER_PATHS = NO;
				CLANG_ANALYZER_NONNULL = YES;
				CLANG_CXX_LANGUAGE_STANDARD = "gnu++0x";
				CLANG_CXX_LIBRARY = "libc++";
				CLANG_ENABLE_MODULES = YES;
				CLANG_ENABLE_OBJC_ARC = YES;
				CLANG_WARN_BOOL_CONVERSION = YES;
				CLANG_WARN_CONSTANT_CONVERSION = YES;
				CLANG_WARN_DIRECT_OBJC_ISA_USAGE = YES_ERROR;
				CLANG_WARN_DOCUMENTATION_COMMENTS = YES;
				CLANG_WARN_EMPTY_BODY = YES;
				CLANG_WARN_ENUM_CONVERSION = YES;
				CLANG_WARN_INFINITE_RECURSION = YES;
				CLANG_WARN_INT_CONVERSION = YES;
				CLANG_WARN_OBJC_ROOT_CLASS = YES_ERROR;
				CLANG_WARN_SUSPICIOUS_MOVES = YES;
				CLANG_WARN_UNREACHABLE_CODE = YES;
				CLANG_WARN__DUPLICATE_METHOD_MATCH = YES;
				"CODE_SIGN_IDENTITY[sdk=iphoneos*]" = "iPhone Developer";
				COPY_PHASE_STRIP = NO;
				DEBUG_INFORMATION_FORMAT = "dwarf-with-dsym";
				ENABLE_NS_ASSERTIONS = NO;
				ENABLE_STRICT_OBJC_MSGSEND = YES;
				GCC_C_LANGUAGE_STANDARD = gnu99;
				GCC_NO_COMMON_BLOCKS = YES;
				GCC_WARN_64_TO_32_BIT_CONVERSION = YES;
				GCC_WARN_ABOUT_RETURN_TYPE = YES_ERROR;
				GCC_WARN_UNDECLARED_SELECTOR = YES;
				GCC_WARN_UNINITIALIZED_AUTOS = YES_AGGRESSIVE;
				GCC_WARN_UNUSED_FUNCTION = YES;
				GCC_WARN_UNUSED_VARIABLE = YES;
				IPHONEOS_DEPLOYMENT_TARGET = 10.0;
				MTL_ENABLE_DEBUG_INFO = NO;
				SDKROOT = iphoneos;
				SWIFT_OPTIMIZATION_LEVEL = "-Owholemodule";
				TARGETED_DEVICE_FAMILY = "1,2";
				VALIDATE_PRODUCT = YES;
			};
			name = Release;
		};
		347DAB191F8CB2AE008DC894 /* Debug */ = {
			isa = XCBuildConfiguration;
			buildSettings = {
				ASSETCATALOG_COMPILER_APPICON_NAME = AppIcon;
				DEVELOPMENT_TEAM = VX3NH7X54P;
				INFOPLIST_FILE = amecApp003/Info.plist;
				LD_RUNPATH_SEARCH_PATHS = "$(inherited) @executable_path/Frameworks";
				PRODUCT_BUNDLE_IDENTIFIER = com.adv.amecApp003;
				PRODUCT_NAME = "$(TARGET_NAME)";
				SWIFT_VERSION = 3.0;
			};
			name = Debug;
		};
		347DAB1A1F8CB2AE008DC894 /* Release */ = {
			isa = XCBuildConfiguration;
			buildSettings = {
				ASSETCATALOG_COMPILER_APPICON_NAME = AppIcon;
				DEVELOPMENT_TEAM = VX3NH7X54P;
				INFOPLIST_FILE = amecApp003/Info.plist;
				LD_RUNPATH_SEARCH_PATHS = "$(inherited) @executable_path/Frameworks";
				PRODUCT_BUNDLE_IDENTIFIER = com.adv.amecApp003;
				PRODUCT_NAME = "$(TARGET_NAME)";
				SWIFT_VERSION = 3.0;
			};
			name = Release;
		};
/* End XCBuildConfiguration section */

/* Begin XCConfigurationList section */
		347DAAFE1F8CB2AE008DC894 /* Build configuration list for PBXProject "amecApp003" */ = {
			isa = XCConfigurationList;
			buildConfigurations = (
				347DAB161F8CB2AE008DC894 /* Debug */,
				347DAB171F8CB2AE008DC894 /* Release */,
			);
			defaultConfigurationIsVisible = 0;
			defaultConfigurationName = Release;
		};
		347DAB181F8CB2AE008DC894 /* Build configuration list for PBXNativeTarget "amecApp003" */ = {
			isa = XCConfigurationList;
			buildConfigurations = (
				347DAB191F8CB2AE008DC894 /* Debug */,
				347DAB1A1F8CB2AE008DC894 /* Release */,
			);
			defaultConfigurationIsVisible = 0;
		};
/* End XCConfigurationList section */

/* Begin XCVersionGroup section */
		347DAB0D1F8CB2AE008DC894 /* amecApp003.xcdatamodeld */ = {
			isa = XCVersionGroup;
			children = (
				347DAB0E1F8CB2AE008DC894 /* amecApp003.xcdatamodel */,
			);
			currentVersion = 347DAB0E1F8CB2AE008DC894 /* amecApp003.xcdatamodel */;
			path = amecApp003.xcdatamodeld;
			sourceTree = "<group>";
			versionGroupType = wrapper.xcdatamodel;
		};
/* End XCVersionGroup section */
	};
	rootObject = 347DAAFB1F8CB2AE008DC894 /* Project object */;
}
