// !$*UTF8*$!
{
	archiveVersion = 1;
	classes = {
	};
	objectVersion = 46;
	objects = {

/* Begin PBXBuildFile section */
		34645DB11F8DED1E007B0EED /* tutrial1.swift in Sources */ = {isa = PBXBuildFile; fileRef = 34645DB01F8DED1E007B0EED /* tutrial1.swift */; };
		34645DB31F8DF212007B0EED /* button_next.png in Resources */ = {isa = PBXBuildFile; fileRef = 34645DB21F8DF212007B0EED /* button_next.png */; };
		34645DB51F8DF25D007B0EED /* pause.png in Resources */ = {isa = PBXBuildFile; fileRef = 34645DB41F8DF25D007B0EED /* pause.png */; };
		34645DB71F8DF269007B0EED /* play.png in Resources */ = {isa = PBXBuildFile; fileRef = 34645DB61F8DF269007B0EED /* play.png */; };
		34645DBB1F8DF4B4007B0EED /* AVKit.framework in Frameworks */ = {isa = PBXBuildFile; fileRef = 34645DBA1F8DF4B4007B0EED /* AVKit.framework */; };
		34645DBD1F8DF4BA007B0EED /* AVFoundation.framework in Frameworks */ = {isa = PBXBuildFile; fileRef = 34645DBC1F8DF4BA007B0EED /* AVFoundation.framework */; };
		34645DBE1F8DF4CE007B0EED /* NoiNayCoAnh.mp4 in Resources */ = {isa = PBXBuildFile; fileRef = 34645DB81F8DF4A6007B0EED /* NoiNayCoAnh.mp4 */; };
		34645DC01F8E1859007B0EED /* voice_on.png in Resources */ = {isa = PBXBuildFile; fileRef = 34645DBF1F8E1859007B0EED /* voice_on.png */; };
		34645DC21F8E1863007B0EED /* voice_off.png in Resources */ = {isa = PBXBuildFile; fileRef = 34645DC11F8E1863007B0EED /* voice_off.png */; };
		347DAB071F8CB2AE008DC894 /* AppDelegate.swift in Sources */ = {isa = PBXBuildFile; fileRef = 347DAB061F8CB2AE008DC894 /* AppDelegate.swift */; };
		347DAB091F8CB2AE008DC894 /* ViewController.swift in Sources */ = {isa = PBXBuildFile; fileRef = 347DAB081F8CB2AE008DC894 /* ViewController.swift */; };
		347DAB0C1F8CB2AE008DC894 /* Main.storyboard in Resources */ = {isa = PBXBuildFile; fileRef = 347DAB0A1F8CB2AE008DC894 /* Main.storyboard */; };
		347DAB0F1F8CB2AE008DC894 /* amecApp003.xcdatamodeld in Sources */ = {isa = PBXBuildFile; fileRef = 347DAB0D1F8CB2AE008DC894 /* amecApp003.xcdatamodeld */; };
		347DAB111F8CB2AE008DC894 /* Assets.xcassets in Resources */ = {isa = PBXBuildFile; fileRef = 347DAB101F8CB2AE008DC894 /* Assets.xcassets */; };
		347DAB141F8CB2AE008DC894 /* LaunchScreen.storyboard in Resources */ = {isa = PBXBuildFile; fileRef = 347DAB121F8CB2AE008DC894 /* LaunchScreen.storyboard */; };
		347DAB1D1F8CB553008DC894 /* background_splash.gif in Resources */ = {isa = PBXBuildFile; fileRef = 347DAB1C1F8CB553008DC894 /* background_splash.gif */; };
		347DAB1F1F8CB64A008DC894 /* ic_start_splash.png in Resources */ = {isa = PBXBuildFile; fileRef = 347DAB1E1F8CB64A008DC894 /* ic_start_splash.png */; };
		347DAB221F8CB7A2008DC894 /* chooselanguage.swift in Sources */ = {isa = PBXBuildFile; fileRef = 347DAB211F8CB7A2008DC894 /* chooselanguage.swift */; };
		347DAB241F8CB820008DC894 /* ic_background_spinner.png in Resources */ = {isa = PBXBuildFile; fileRef = 347DAB231F8CB820008DC894 /* ic_background_spinner.png */; };
		349D6ECA1F8F1D4C00414B59 /* GoogleMobileAds.framework in Frameworks */ = {isa = PBXBuildFile; fileRef = 349D6EC81F8F1D4C00414B59 /* GoogleMobileAds.framework */; };
		349D6ECB1F8F1D4C00414B59 /* GoogleService-Info.plist in Resources */ = {isa = PBXBuildFile; fileRef = 349D6EC91F8F1D4C00414B59 /* GoogleService-Info.plist */; };
		349D6ECD1F8F1FA100414B59 /* test001.swift in Sources */ = {isa = PBXBuildFile; fileRef = 349D6ECC1F8F1FA100414B59 /* test001.swift */; };
		34C9A49F1F9469CA002791EE /* ic_forward2.png in Resources */ = {isa = PBXBuildFile; fileRef = 34C9A49E1F9469CA002791EE /* ic_forward2.png */; };
		34C9A4A11F946D4D002791EE /* ic_forward.png in Resources */ = {isa = PBXBuildFile; fileRef = 34C9A4A01F946D4D002791EE /* ic_forward.png */; };
/* End PBXBuildFile section */

/* Begin PBXFileReference section */
		34645DB01F8DED1E007B0EED /* tutrial1.swift */ = {isa = PBXFileReference; fileEncoding = 4; lastKnownFileType = sourcecode.swift; path = tutrial1.swift; sourceTree = "<group>"; };
		34645DB21F8DF212007B0EED /* button_next.png */ = {isa = PBXFileReference; lastKnownFileType = image.png; path = button_next.png; sourceTree = "<group>"; };
		34645DB41F8DF25D007B0EED /* pause.png */ = {isa = PBXFileReference; lastKnownFileType = image.png; path = pause.png; sourceTree = "<group>"; };
		34645DB61F8DF269007B0EED /* play.png */ = {isa = PBXFileReference; lastKnownFileType = image.png; path = play.png; sourceTree = "<group>"; };
		34645DB81F8DF4A6007B0EED /* NoiNayCoAnh.mp4 */ = {isa = PBXFileReference; lastKnownFileType = file; path = NoiNayCoAnh.mp4; sourceTree = "<group>"; };
		34645DBA1F8DF4B4007B0EED /* AVKit.framework */ = {isa = PBXFileReference; lastKnownFileType = wrapper.framework; name = AVKit.framework; path = System/Library/Frameworks/AVKit.framework; sourceTree = SDKROOT; };
		34645DBC1F8DF4BA007B0EED /* AVFoundation.framework */ = {isa = PBXFileReference; lastKnownFileType = wrapper.framework; name = AVFoundation.framework; path = System/Library/Frameworks/AVFoundation.framework; sourceTree = SDKROOT; };
		34645DBF1F8E1859007B0EED /* voice_on.png */ = {isa = PBXFileReference; lastKnownFileType = image.png; path = voice_on.png; sourceTree = "<group>"; };
		34645DC11F8E1863007B0EED /* voice_off.png */ = {isa = PBXFileReference; lastKnownFileType = image.png; path = voice_off.png; sourceTree = "<group>"; };
		347DAB031F8CB2AE008DC894 /* amecApp003.app */ = {isa = PBXFileReference; explicitFileType = wrapper.application; includeInIndex = 0; path = amecApp003.app; sourceTree = BUILT_PRODUCTS_DIR; };
		347DAB061F8CB2AE008DC894 /* AppDelegate.swift */ = {isa = PBXFileReference; lastKnownFileType = sourcecode.swift; path = AppDelegate.swift; sourceTree = "<group>"; };
		347DAB081F8CB2AE008DC894 /* ViewController.swift */ = {isa = PBXFileReference; lastKnownFileType = sourcecode.swift; path = ViewController.swift; sourceTree = "<group>"; };
		347DAB0B1F8CB2AE008DC894 /* Base */ = {isa = PBXFileReference; lastKnownFileType = file.storyboard; name = Base; path = Base.lproj/Main.storyboard; sourceTree = "<group>"; };
		347DAB0E1F8CB2AE008DC894 /* amecApp003.xcdatamodel */ = {isa = PBXFileReference; lastKnownFileType = wrapper.xcdatamodel; path = amecApp003.xcdatamodel; sourceTree = "<group>"; };
		347DAB101F8CB2AE008DC894 /* Assets.xcassets */ = {isa = PBXFileReference; lastKnownFileType = folder.assetcatalog; path = Assets.xcassets; sourceTree = "<group>"; };
		347DAB131F8CB2AE008DC894 /* Base */ = {isa = PBXFileReference; lastKnownFileType = file.storyboard; name = Base; path = Base.lproj/LaunchScreen.storyboard; sourceTree = "<group>"; };
		347DAB151F8CB2AE008DC894 /* Info.plist */ = {isa = PBXFileReference; lastKnownFileType = text.plist.xml; path = Info.plist; sourceTree = "<group>"; };
		347DAB1C1F8CB553008DC894 /* background_splash.gif */ = {isa = PBXFileReference; lastKnownFileType = image.gif; path = background_splash.gif; sourceTree = "<group>"; };
		347DAB1E1F8CB64A008DC894 /* ic_start_splash.png */ = {isa = PBXFileReference; lastKnownFileType = image.png; path = ic_start_splash.png; sourceTree = "<group>"; };
		347DAB211F8CB7A2008DC894 /* chooselanguage.swift */ = {isa = PBXFileReference; fileEncoding = 4; lastKnownFileType = sourcecode.swift; path = chooselanguage.swift; sourceTree = "<group>"; };
		347DAB231F8CB820008DC894 /* ic_background_spinner.png */ = {isa = PBXFileReference; lastKnownFileType = image.png; path = ic_background_spinner.png; sourceTree = "<group>"; };
		349D6EC81F8F1D4C00414B59 /* GoogleMobileAds.framework */ = {isa = PBXFileReference; lastKnownFileType = wrapper.framework; path = GoogleMobileAds.framework; sourceTree = "<group>"; };
		349D6EC91F8F1D4C00414B59 /* GoogleService-Info.plist */ = {isa = PBXFileReference; fileEncoding = 4; lastKnownFileType = text.plist.xml; path = "GoogleService-Info.plist"; sourceTree = "<group>"; };
		349D6ECC1F8F1FA100414B59 /* test001.swift */ = {isa = PBXFileReference; fileEncoding = 4; lastKnownFileType = sourcecode.swift; path = test001.swift; sourceTree = "<group>"; };
		34C9A49E1F9469CA002791EE /* ic_forward2.png */ = {isa = PBXFileReference; lastKnownFileType = image.png; path = ic_forward2.png; sourceTree = "<group>"; };
		34C9A4A01F946D4D002791EE /* ic_forward.png */ = {isa = PBXFileReference; lastKnownFileType = image.png; path = ic_forward.png; sourceTree = "<group>"; };
/* End PBXFileReference section */

/* Begin PBXFrameworksBuildPhase section */
		347DAB001F8CB2AE008DC894 /* Frameworks */ = {
			isa = PBXFrameworksBuildPhase;
			buildActionMask = 2147483647;
			files = (
				349D6ECA1F8F1D4C00414B59 /* GoogleMobileAds.framework in Frameworks */,
				34645DBD1F8DF4BA007B0EED /* AVFoundation.framework in Frameworks */,
				34645DBB1F8DF4B4007B0EED /* AVKit.framework in Frameworks */,
			);
			runOnlyForDeploymentPostprocessing = 0;
		};
/* End PBXFrameworksBuildPhase section */

/* Begin PBXGroup section */
		34645DB91F8DF4B4007B0EED /* Frameworks */ = {
			isa = PBXGroup;
			children = (
				34645DBC1F8DF4BA007B0EED /* AVFoundation.framework */,
				34645DBA1F8DF4B4007B0EED /* AVKit.framework */,
			);
			name = Frameworks;
			sourceTree = "<group>";
		};
		347DAAFA1F8CB2AE008DC894 = {
			isa = PBXGroup;
			children = (
				347DAB051F8CB2AE008DC894 /* amecApp003 */,
				347DAB041F8CB2AE008DC894 /* Products */,
				34645DB91F8DF4B4007B0EED /* Frameworks */,
			);
			sourceTree = "<group>";
		};
		347DAB041F8CB2AE008DC894 /* Products */ = {
			isa = PBXGroup;
			children = (
				347DAB031F8CB2AE008DC894 /* amecApp003.app */,
			);
			name = Products;
			sourceTree = "<group>";
		};
		347DAB051F8CB2AE008DC894 /* amecApp003 */ = {
			isa = PBXGroup;
			children = (
				347DAB201F8CB789008DC894 /* controller */,
				347DAB1B1F8CB537008DC894 /* picture */,
				347DAB061F8CB2AE008DC894 /* AppDelegate.swift */,
				347DAB081F8CB2AE008DC894 /* ViewController.swift */,
				347DAB0A1F8CB2AE008DC894 /* Main.storyboard */,
				347DAB101F8CB2AE008DC894 /* Assets.xcassets */,
				347DAB121F8CB2AE008DC894 /* LaunchScreen.storyboard */,
				347DAB151F8CB2AE008DC894 /* Info.plist */,
				347DAB0D1F8CB2AE008DC894 /* amecApp003.xcdatamodeld */,
				34645DB81F8DF4A6007B0EED /* NoiNayCoAnh.mp4 */,
				349D6EC81F8F1D4C00414B59 /* GoogleMobileAds.framework */,
				349D6EC91F8F1D4C00414B59 /* GoogleService-Info.plist */,
			);
			path = amecApp003;
			sourceTree = "<group>";
		};
		347DAB1B1F8CB537008DC894 /* picture */ = {
			isa = PBXGroup;
			children = (
				347DAB231F8CB820008DC894 /* ic_background_spinner.png */,
				347DAB1C1F8CB553008DC894 /* background_splash.gif */,
				347DAB1E1F8CB64A008DC894 /* ic_start_splash.png */,
				34645DB21F8DF212007B0EED /* button_next.png */,
				34645DB41F8DF25D007B0EED /* pause.png */,
				34645DB61F8DF269007B0EED /* play.png */,
				34645DBF1F8E1859007B0EED /* voice_on.png */,
				34645DC11F8E1863007B0EED /* voice_off.png */,
				34C9A49E1F9469CA002791EE /* ic_forward2.png */,
				34C9A4A01F946D4D002791EE /* ic_forward.png */,
			);
			name = picture;
			sourceTree = "<group>";
		};
		347DAB201F8CB789008DC894 /* controller */ = {
			isa = PBXGroup;
			children = (
				347DAB211F8CB7A2008DC894 /* chooselanguage.swift */,
				34645DB01F8DED1E007B0EED /* tutrial1.swift */,
				349D6ECC1F8F1FA100414B59 /* test001.swift */,
			);
			name = controller;
			sourceTree = "<group>";
		};
/* End PBXGroup section */

/* Begin PBXNativeTarget section */
		347DAB021F8CB2AE008DC894 /* amecApp003 */ = {
			isa = PBXNativeTarget;
			buildConfigurationList = 347DAB181F8CB2AE008DC894 /* Build configuration list for PBXNativeTarget "amecApp003" */;
			buildPhases = (
				347DAAFF1F8CB2AE008DC894 /* Sources */,
				347DAB001F8CB2AE008DC894 /* Frameworks */,
				347DAB011F8CB2AE008DC894 /* Resources */,
			);
			buildRules = (
			);
			dependencies = (
			);
			name = amecApp003;
			productName = amecApp003;
			productReference = 347DAB031F8CB2AE008DC894 /* amecApp003.app */;
			productType = "com.apple.product-type.application";
		};
/* End PBXNativeTarget section */

/* Begin PBXProject section */
		347DAAFB1F8CB2AE008DC894 /* Project object */ = {
			isa = PBXProject;
			attributes = {
				LastSwiftUpdateCheck = 0800;
				LastUpgradeCheck = 0800;
				ORGANIZATIONNAME = adv;
				TargetAttributes = {
					347DAB021F8CB2AE008DC894 = {
						CreatedOnToolsVersion = 8.0;
						DevelopmentTeam = VX3NH7X54P;
						ProvisioningStyle = Manual;
					};
				};
			};
			buildConfigurationList = 347DAAFE1F8CB2AE008DC894 /* Build configuration list for PBXProject "amecApp003" */;
			compatibilityVersion = "Xcode 3.2";
			developmentRegion = English;
			hasScannedForEncodings = 0;
			knownRegions = (
				en,
				Base,
			);
			mainGroup = 347DAAFA1F8CB2AE008DC894;
			productRefGroup = 347DAB041F8CB2AE008DC894 /* Products */;
			projectDirPath = "";
			projectRoot = "";
			targets = (
				347DAB021F8CB2AE008DC894 /* amecApp003 */,
			);
		};
/* End PBXProject section */

/* Begin PBXResourcesBuildPhase section */
		347DAB011F8CB2AE008DC894 /* Resources */ = {
			isa = PBXResourcesBuildPhase;
			buildActionMask = 2147483647;
			files = (
				349D6ECB1F8F1D4C00414B59 /* GoogleService-Info.plist in Resources */,
				34645DC21F8E1863007B0EED /* voice_off.png in Resources */,
				34645DC01F8E1859007B0EED /* voice_on.png in Resources */,
				34645DBE1F8DF4CE007B0EED /* NoiNayCoAnh.mp4 in Resources */,
				347DAB141F8CB2AE008DC894 /* LaunchScreen.storyboard in Resources */,
				347DAB111F8CB2AE008DC894 /* Assets.xcassets in Resources */,
				34645DB71F8DF269007B0EED /* play.png in Resources */,
				34645DB51F8DF25D007B0EED /* pause.png in Resources */,
				347DAB0C1F8CB2AE008DC894 /* Main.storyboard in Resources */,
				34645DB31F8DF212007B0EED /* button_next.png in Resources */,
				34C9A49F1F9469CA002791EE /* ic_forward2.png in Resources */,
				347DAB241F8CB820008DC894 /* ic_background_spinner.png in Resources */,
				34C9A4A11F946D4D002791EE /* ic_forward.png in Resources */,
				347DAB1D1F8CB553008DC894 /* background_splash.gif in Resources */,
				347DAB1F1F8CB64A008DC894 /* ic_start_splash.png in Resources */,
			);
			runOnlyForDeploymentPostprocessing = 0;
		};
/* End PBXResourcesBuildPhase section */

/* Begin PBXSourcesBuildPhase section */
		347DAAFF1F8CB2AE008DC894 /* Sources */ = {
			isa = PBXSourcesBuildPhase;
			buildActionMask = 2147483647;
			files = (
				347DAB221F8CB7A2008DC894 /* chooselanguage.swift in Sources */,
				347DAB091F8CB2AE008DC894 /* ViewController.swift in Sources */,
				347DAB0F1F8CB2AE008DC894 /* amecApp003.xcdatamodeld in Sources */,
				349D6ECD1F8F1FA100414B59 /* test001.swift in Sources */,
				34645DB11F8DED1E007B0EED /* tutrial1.swift in Sources */,
				347DAB071F8CB2AE008DC894 /* AppDelegate.swift in Sources */,
			);
			runOnlyForDeploymentPostprocessing = 0;
		};
/* End PBXSourcesBuildPhase section */

/* Begin PBXVariantGroup section */
		347DAB0A1F8CB2AE008DC894 /* Main.storyboard */ = {
			isa = PBXVariantGroup;
			children = (
				347DAB0B1F8CB2AE008DC894 /* Base */,
			);
			name = Main.storyboard;
			sourceTree = "<group>";
		};
		347DAB121F8CB2AE008DC894 /* LaunchScreen.storyboard */ = {
			isa = PBXVariantGroup;
			children = (
				347DAB131F8CB2AE008DC894 /* Base */,
			);
			name = LaunchScreen.storyboard;
			sourceTree = "<group>";
		};
/* End PBXVariantGroup section */

/* Begin XCBuildConfiguration section */
		347DAB161F8CB2AE008DC894 /* Debug */ = {
			isa = XCBuildConfiguration;
			buildSettings = {
				ALWAYS_SEARCH_USER_PATHS = NO;
				CLANG_ANALYZER_NONNULL = YES;
				CLANG_CXX_LANGUAGE_STANDARD = "gnu++0x";
				CLANG_CXX_LIBRARY = "libc++";
				CLANG_ENABLE_MODULES = YES;
				CLANG_ENABLE_OBJC_ARC = YES;
				CLANG_WARN_BOOL_CONVERSION = YES;
				CLANG_WARN_CONSTANT_CONVERSION = YES;
				CLANG_WARN_DIRECT_OBJC_ISA_USAGE = YES_ERROR;
				CLANG_WARN_DOCUMENTATION_COMMENTS = YES;
				CLANG_WARN_EMPTY_BODY = YES;
				CLANG_WARN_ENUM_CONVERSION = YES;
				CLANG_WARN_INFINITE_RECURSION = YES;
				CLANG_WARN_INT_CONVERSION = YES;
				CLANG_WARN_OBJC_ROOT_CLASS = YES_ERROR;
				CLANG_WARN_SUSPICIOUS_MOVES = YES;
				CLANG_WARN_UNREACHABLE_CODE = YES;
				CLANG_WARN__DUPLICATE_METHOD_MATCH = YES;
				"CODE_SIGN_IDENTITY[sdk=iphoneos*]" = "iPhone Developer";
				COPY_PHASE_STRIP = NO;
				DEBUG_INFORMATION_FORMAT = dwarf;
				ENABLE_STRICT_OBJC_MSGSEND = YES;
				ENABLE_TESTABILITY = YES;
				GCC_C_LANGUAGE_STANDARD = gnu99;
				GCC_DYNAMIC_NO_PIC = NO;
				GCC_NO_COMMON_BLOCKS = YES;
				GCC_OPTIMIZATION_LEVEL = 0;
				GCC_PREPROCESSOR_DEFINITIONS = (
					"DEBUG=1",
					"$(inherited)",
				);
				GCC_WARN_64_TO_32_BIT_CONVERSION = YES;
				GCC_WARN_ABOUT_RETURN_TYPE = YES_ERROR;
				GCC_WARN_UNDECLARED_SELECTOR = YES;
				GCC_WARN_UNINITIALIZED_AUTOS = YES_AGGRESSIVE;
				GCC_WARN_UNUSED_FUNCTION = YES;
				GCC_WARN_UNUSED_VARIABLE = YES;
				IPHONEOS_DEPLOYMENT_TARGET = 10.0;
				MTL_ENABLE_DEBUG_INFO = YES;
				ONLY_ACTIVE_ARCH = YES;
				SDKROOT = iphoneos;
				SWIFT_ACTIVE_COMPILATION_CONDITIONS = DEBUG;
				SWIFT_OPTIMIZATION_LEVEL = "-Onone";
				TARGETED_DEVICE_FAMILY = "1,2";
			};
			name = Debug;
		};
		347DAB171F8CB2AE008DC894 /* Release */ = {
			isa = XCBuildConfiguration;
			buildSettings = {
				ALWAYS_SEARCH_USER_PATHS = NO;
				CLANG_ANALYZER_NONNULL = YES;
				CLANG_CXX_LANGUAGE_STANDARD = "gnu++0x";
				CLANG_CXX_LIBRARY = "libc++";
				CLANG_ENABLE_MODULES = YES;
				CLANG_ENABLE_OBJC_ARC = YES;
				CLANG_WARN_BOOL_CONVERSION = YES;
				CLANG_WARN_CONSTANT_CONVERSION = YES;
				CLANG_WARN_DIRECT_OBJC_ISA_USAGE = YES_ERROR;
				CLANG_WARN_DOCUMENTATION_COMMENTS = YES;
				CLANG_WARN_EMPTY_BODY = YES;
				CLANG_WARN_ENUM_CONVERSION = YES;
				CLANG_WARN_INFINITE_RECURSION = YES;
				CLANG_WARN_INT_CONVERSION = YES;
				CLANG_WARN_OBJC_ROOT_CLASS = YES_ERROR;
				CLANG_WARN_SUSPICIOUS_MOVES = YES;
				CLANG_WARN_UNREACHABLE_CODE = YES;
				CLANG_WARN__DUPLICATE_METHOD_MATCH = YES;
				"CODE_SIGN_IDENTITY[sdk=iphoneos*]" = "iPhone Developer";
				COPY_PHASE_STRIP = NO;
				DEBUG_INFORMATION_FORMAT = "dwarf-with-dsym";
				ENABLE_NS_ASSERTIONS = NO;
				ENABLE_STRICT_OBJC_MSGSEND = YES;
				GCC_C_LANGUAGE_STANDARD = gnu99;
				GCC_NO_COMMON_BLOCKS = YES;
				GCC_WARN_64_TO_32_BIT_CONVERSION = YES;
				GCC_WARN_ABOUT_RETURN_TYPE = YES_ERROR;
				GCC_WARN_UNDECLARED_SELECTOR = YES;
				GCC_WARN_UNINITIALIZED_AUTOS = YES_AGGRESSIVE;
				GCC_WARN_UNUSED_FUNCTION = YES;
				GCC_WARN_UNUSED_VARIABLE = YES;
				IPHONEOS_DEPLOYMENT_TARGET = 10.0;
				MTL_ENABLE_DEBUG_INFO = NO;
				SDKROOT = iphoneos;
				SWIFT_OPTIMIZATION_LEVEL = "-Owholemodule";
				TARGETED_DEVICE_FAMILY = "1,2";
				VALIDATE_PRODUCT = YES;
			};
			name = Release;
		};
		347DAB191F8CB2AE008DC894 /* Debug */ = {
			isa = XCBuildConfiguration;
			buildSettings = {
				ASSETCATALOG_COMPILER_APPICON_NAME = AppIcon;
				"CODE_SIGN_IDENTITY[sdk=iphoneos*]" = "iPhone Distribution";
				DEVELOPMENT_TEAM = VX3NH7X54P;
				FRAMEWORK_SEARCH_PATHS = (
					"$(inherited)",
					"$(PROJECT_DIR)/amecApp003",
				);
				INFOPLIST_FILE = amecApp003/Info.plist;
				IPHONEOS_DEPLOYMENT_TARGET = 10.0;
				LD_RUNPATH_SEARCH_PATHS = "$(inherited) @executable_path/Frameworks";
				PRODUCT_BUNDLE_IDENTIFIER = com.adv.amecApp003;
				PRODUCT_NAME = "$(TARGET_NAME)";
				PROVISIONING_PROFILE = "f9a361a5-a639-4029-ac3b-c07f494d2c9f";
				PROVISIONING_PROFILE_SPECIFIER = "XC iOS Ad Hoc: *";
				SWIFT_VERSION = 3.0;
			};
			name = Debug;
		};
		347DAB1A1F8CB2AE008DC894 /* Release */ = {
			isa = XCBuildConfiguration;
			buildSettings = {
				ASSETCATALOG_COMPILER_APPICON_NAME = AppIcon;
				"CODE_SIGN_IDENTITY[sdk=iphoneos*]" = "iPhone Distribution";
				DEVELOPMENT_TEAM = VX3NH7X54P;
				FRAMEWORK_SEARCH_PATHS = (
					"$(inherited)",
					"$(PROJECT_DIR)/amecApp003",
				);
				INFOPLIST_FILE = amecApp003/Info.plist;
				IPHONEOS_DEPLOYMENT_TARGET = 10.0;
				LD_RUNPATH_SEARCH_PATHS = "$(inherited) @executable_path/Frameworks";
				PRODUCT_BUNDLE_IDENTIFIER = com.adv.amecApp003;
				PRODUCT_NAME = "$(TARGET_NAME)";
				PROVISIONING_PROFILE = "f9a361a5-a639-4029-ac3b-c07f494d2c9f";
				PROVISIONING_PROFILE_SPECIFIER = "XC iOS Ad Hoc: *";
				SWIFT_VERSION = 3.0;
			};
			name = Release;
		};
/* End XCBuildConfiguration section */

/* Begin XCConfigurationList section */
		347DAAFE1F8CB2AE008DC894 /* Build configuration list for PBXProject "amecApp003" */ = {
			isa = XCConfigurationList;
			buildConfigurations = (
				347DAB161F8CB2AE008DC894 /* Debug */,
				347DAB171F8CB2AE008DC894 /* Release */,
			);
			defaultConfigurationIsVisible = 0;
			defaultConfigurationName = Release;
		};
		347DAB181F8CB2AE008DC894 /* Build configuration list for PBXNativeTarget "amecApp003" */ = {
			isa = XCConfigurationList;
			buildConfigurations = (
				347DAB191F8CB2AE008DC894 /* Debug */,
				347DAB1A1F8CB2AE008DC894 /* Release */,
			);
			defaultConfigurationIsVisible = 0;
			defaultConfigurationName = Release;
		};
/* End XCConfigurationList section */

/* Begin XCVersionGroup section */
		347DAB0D1F8CB2AE008DC894 /* amecApp003.xcdatamodeld */ = {
			isa = XCVersionGroup;
			children = (
				347DAB0E1F8CB2AE008DC894 /* amecApp003.xcdatamodel */,
			);
			currentVersion = 347DAB0E1F8CB2AE008DC894 /* amecApp003.xcdatamodel */;
			path = amecApp003.xcdatamodeld;
			sourceTree = "<group>";
			versionGroupType = wrapper.xcdatamodel;
		};
/* End XCVersionGroup section */
	};
	rootObject = 347DAAFB1F8CB2AE008DC894 /* Project object */;
}
